
Microsoft Visual Studio Solution File, Format Version 12.00
# Visual Studio Version 16
VisualStudioVersion = 16.0.32510.428
MinimumVisualStudioVersion = 10.0.40219.1
Project("{FAE04EC0-301F-11D3-BF4B-00C04F79EFBC}") = "EmployeeCardNumberCheck", "EmployeeCardNumberCheck\EmployeeCardNumberCheck.csproj", "{06FC6705-E959-491E-A7E7-82F70146428A}"
EndProject
Global
	GlobalSection(SolutionConfigurationPlatforms) = preSolution
		Debug|Any CPU = Debug|Any CPU
		Release|Any CPU = Release|Any CPU
	EndGlobalSection
	GlobalSection(ProjectConfigurationPlatforms) = postSolution
		{06FC6705-E959-491E-A7E7-82F70146428A}.Debug|Any CPU.ActiveCfg = Debug|Any CPU
		{06FC6705-E959-491E-A7E7-82F70146428A}.Debug|Any CPU.Build.0 = Debug|Any CPU
		{06FC6705-E959-491E-A7E7-82F70146428A}.Release|Any CPU.ActiveCfg = Release|Any CPU
		{06FC6705-E959-491E-A7E7-82F70146428A}.Release|Any CPU.Build.0 = Release|Any CPU
	EndGlobalSection
	GlobalSection(SolutionProperties) = preSolution
		HideSolutionNode = FALSE
	EndGlobalSection
	GlobalSection(ExtensibilityGlobals) = postSolution
		SolutionGuid = {394D7D24-A248-498D-9AC5-FFD96C9D1536}
	EndGlobalSection
EndGlobal
